
Microsoft Visual Studio Solution File, Format Version 12.00
Project("{2150E333-8FDC-42A3-9474-1A3956D46DE8}") = "src", "src", "{827E0CD3-B72D-47B6-A68D-7590B98EB39B}"
EndProject
Project("{FAE04EC0-301F-11D3-BF4B-00C04F79EFBC}") = "Material3.Avalonia", "src\Material3.Avalonia\Material3.Avalonia.csproj", "{FE6317ED-FD6C-48A9-9AFC-8923E2DC90FF}"
EndProject
Project("{2150E333-8FDC-42A3-9474-1A3956D46DE8}") = "samples", "samples", "{5D20AA90-6969-D8BD-9DCD-8634F4692FDA}"
EndProject
Project("{FAE04EC0-301F-11D3-BF4B-00C04F79EFBC}") = "Material3.Gallery", "samples\Material3.Gallery\Material3.Gallery.csproj", "{BE1BB2A5-720F-424A-A746-CCC27AEF6A52}"
EndProject
Project("{FAE04EC0-301F-11D3-BF4B-00C04F79EFBC}") = "Material3.Gallery.UI", "samples\Material3.Gallery.UI\Material3.Gallery.UI.csproj", "{7BAB5272-AD28-40CE-B4C5-2F00DCE5311A}"
EndProject
Project("{FAE04EC0-301F-11D3-BF4B-00C04F79EFBC}") = "Material3.Gallery.Android", "samples\Material3.Gallery.Android\Material3.Gallery.Android.csproj", "{C8ABF330-48BF-4002-AEA4-CE7DC1595BDE}"
EndProject
Project("{FAE04EC0-301F-11D3-BF4B-00C04F79EFBC}") = "Material3.Gallery.iOS", "samples\Material3.Gallery.iOS\Material3.Gallery.iOS.csproj", "{D960080C-C12A-48EC-9586-B28EB565204B}"
EndProject
Project("{FAE04EC0-301F-11D3-BF4B-00C04F79EFBC}") = "Material3.Gallery.Browser", "samples\Material3.Gallery.Browser\Material3.Gallery.Browser.csproj", "{E8143979-7ED0-4BD5-A987-3A3708F5FB18}"
EndProject
Global
	GlobalSection(SolutionConfigurationPlatforms) = preSolution
		Debug|Any CPU = Debug|Any CPU
		Debug|x64 = Debug|x64
		Debug|x86 = Debug|x86
		Release|Any CPU = Release|Any CPU
		Release|x64 = Release|x64
		Release|x86 = Release|x86
	EndGlobalSection
	GlobalSection(ProjectConfigurationPlatforms) = postSolution
		{FE6317ED-FD6C-48A9-9AFC-8923E2DC90FF}.Debug|Any CPU.ActiveCfg = Debug|Any CPU
		{FE6317ED-FD6C-48A9-9AFC-8923E2DC90FF}.Debug|Any CPU.Build.0 = Debug|Any CPU
		{FE6317ED-FD6C-48A9-9AFC-8923E2DC90FF}.Debug|x64.ActiveCfg = Debug|Any CPU
		{FE6317ED-FD6C-48A9-9AFC-8923E2DC90FF}.Debug|x64.Build.0 = Debug|Any CPU
		{FE6317ED-FD6C-48A9-9AFC-8923E2DC90FF}.Debug|x86.ActiveCfg = Debug|Any CPU
		{FE6317ED-FD6C-48A9-9AFC-8923E2DC90FF}.Debug|x86.Build.0 = Debug|Any CPU
		{FE6317ED-FD6C-48A9-9AFC-8923E2DC90FF}.Release|Any CPU.ActiveCfg = Release|Any CPU
		{FE6317ED-FD6C-48A9-9AFC-8923E2DC90FF}.Release|Any CPU.Build.0 = Release|Any CPU
		{FE6317ED-FD6C-48A9-9AFC-8923E2DC90FF}.Release|x64.ActiveCfg = Release|Any CPU
		{FE6317ED-FD6C-48A9-9AFC-8923E2DC90FF}.Release|x64.Build.0 = Release|Any CPU
		{FE6317ED-FD6C-48A9-9AFC-8923E2DC90FF}.Release|x86.ActiveCfg = Release|Any CPU
		{FE6317ED-FD6C-48A9-9AFC-8923E2DC90FF}.Release|x86.Build.0 = Release|Any CPU
		{BE1BB2A5-720F-424A-A746-CCC27AEF6A52}.Debug|Any CPU.ActiveCfg = Debug|Any CPU
		{BE1BB2A5-720F-424A-A746-CCC27AEF6A52}.Debug|Any CPU.Build.0 = Debug|Any CPU
		{BE1BB2A5-720F-424A-A746-CCC27AEF6A52}.Debug|x64.ActiveCfg = Debug|Any CPU
		{BE1BB2A5-720F-424A-A746-CCC27AEF6A52}.Debug|x64.Build.0 = Debug|Any CPU
		{BE1BB2A5-720F-424A-A746-CCC27AEF6A52}.Debug|x86.ActiveCfg = Debug|Any CPU
		{BE1BB2A5-720F-424A-A746-CCC27AEF6A52}.Debug|x86.Build.0 = Debug|Any CPU
		{BE1BB2A5-720F-424A-A746-CCC27AEF6A52}.Release|Any CPU.ActiveCfg = Release|Any CPU
		{BE1BB2A5-720F-424A-A746-CCC27AEF6A52}.Release|Any CPU.Build.0 = Release|Any CPU
		{BE1BB2A5-720F-424A-A746-CCC27AEF6A52}.Release|x64.ActiveCfg = Release|Any CPU
		{BE1BB2A5-720F-424A-A746-CCC27AEF6A52}.Release|x64.Build.0 = Release|Any CPU
		{BE1BB2A5-720F-424A-A746-CCC27AEF6A52}.Release|x86.ActiveCfg = Release|Any CPU
		{BE1BB2A5-720F-424A-A746-CCC27AEF6A52}.Release|x86.Build.0 = Release|Any CPU
		{7BAB5272-AD28-40CE-B4C5-2F00DCE5311A}.Debug|Any CPU.ActiveCfg = Debug|Any CPU
		{7BAB5272-AD28-40CE-B4C5-2F00DCE5311A}.Debug|Any CPU.Build.0 = Debug|Any CPU
		{7BAB5272-AD28-40CE-B4C5-2F00DCE5311A}.Debug|x64.ActiveCfg = Debug|Any CPU
		{7BAB5272-AD28-40CE-B4C5-2F00DCE5311A}.Debug|x64.Build.0 = Debug|Any CPU
		{7BAB5272-AD28-40CE-B4C5-2F00DCE5311A}.Debug|x86.ActiveCfg = Debug|Any CPU
		{7BAB5272-AD28-40CE-B4C5-2F00DCE5311A}.Debug|x86.Build.0 = Debug|Any CPU
		{7BAB5272-AD28-40CE-B4C5-2F00DCE5311A}.Release|Any CPU.ActiveCfg = Release|Any CPU
		{7BAB5272-AD28-40CE-B4C5-2F00DCE5311A}.Release|Any CPU.Build.0 = Release|Any CPU
		{7BAB5272-AD28-40CE-B4C5-2F00DCE5311A}.Release|x64.ActiveCfg = Release|Any CPU
		{7BAB5272-AD28-40CE-B4C5-2F00DCE5311A}.Release|x64.Build.0 = Release|Any CPU
		{7BAB5272-AD28-40CE-B4C5-2F00DCE5311A}.Release|x86.ActiveCfg = Release|Any CPU
		{7BAB5272-AD28-40CE-B4C5-2F00DCE5311A}.Release|x86.Build.0 = Release|Any CPU
		{C8ABF330-48BF-4002-AEA4-CE7DC1595BDE}.Debug|Any CPU.ActiveCfg = Debug|Any CPU
		{C8ABF330-48BF-4002-AEA4-CE7DC1595BDE}.Debug|Any CPU.Build.0 = Debug|Any CPU
		{C8ABF330-48BF-4002-AEA4-CE7DC1595BDE}.Debug|x64.ActiveCfg = Debug|Any CPU
		{C8ABF330-48BF-4002-AEA4-CE7DC1595BDE}.Debug|x64.Build.0 = Debug|Any CPU
		{C8ABF330-48BF-4002-AEA4-CE7DC1595BDE}.Debug|x86.ActiveCfg = Debug|Any CPU
		{C8ABF330-48BF-4002-AEA4-CE7DC1595BDE}.Debug|x86.Build.0 = Debug|Any CPU
		{C8ABF330-48BF-4002-AEA4-CE7DC1595BDE}.Release|Any CPU.ActiveCfg = Release|Any CPU
		{C8ABF330-48BF-4002-AEA4-CE7DC1595BDE}.Release|Any CPU.Build.0 = Release|Any CPU
		{C8ABF330-48BF-4002-AEA4-CE7DC1595BDE}.Release|x64.ActiveCfg = Release|Any CPU
		{C8ABF330-48BF-4002-AEA4-CE7DC1595BDE}.Release|x64.Build.0 = Release|Any CPU
		{C8ABF330-48BF-4002-AEA4-CE7DC1595BDE}.Release|x86.ActiveCfg = Release|Any CPU
		{C8ABF330-48BF-4002-AEA4-CE7DC1595BDE}.Release|x86.Build.0 = Release|Any CPU
		{D960080C-C12A-48EC-9586-B28EB565204B}.Debug|Any CPU.ActiveCfg = Debug|Any CPU
		{D960080C-C12A-48EC-9586-B28EB565204B}.Debug|Any CPU.Build.0 = Debug|Any CPU
		{D960080C-C12A-48EC-9586-B28EB565204B}.Debug|x64.ActiveCfg = Debug|Any CPU
		{D960080C-C12A-48EC-9586-B28EB565204B}.Debug|x64.Build.0 = Debug|Any CPU
		{D960080C-C12A-48EC-9586-B28EB565204B}.Debug|x86.ActiveCfg = Debug|Any CPU
		{D960080C-C12A-48EC-9586-B28EB565204B}.Debug|x86.Build.0 = Debug|Any CPU
		{D960080C-C12A-48EC-9586-B28EB565204B}.Release|Any CPU.ActiveCfg = Release|Any CPU
		{D960080C-C12A-48EC-9586-B28EB565204B}.Release|Any CPU.Build.0 = Release|Any CPU
		{D960080C-C12A-48EC-9586-B28EB565204B}.Release|x64.ActiveCfg = Release|Any CPU
		{D960080C-C12A-48EC-9586-B28EB565204B}.Release|x64.Build.0 = Release|Any CPU
		{D960080C-C12A-48EC-9586-B28EB565204B}.Release|x86.ActiveCfg = Release|Any CPU
		{D960080C-C12A-48EC-9586-B28EB565204B}.Release|x86.Build.0 = Release|Any CPU
		{E8143979-7ED0-4BD5-A987-3A3708F5FB18}.Debug|Any CPU.ActiveCfg = Debug|Any CPU
		{E8143979-7ED0-4BD5-A987-3A3708F5FB18}.Debug|Any CPU.Build.0 = Debug|Any CPU
		{E8143979-7ED0-4BD5-A987-3A3708F5FB18}.Debug|x64.ActiveCfg = Debug|Any CPU
		{E8143979-7ED0-4BD5-A987-3A3708F5FB18}.Debug|x64.Build.0 = Debug|Any CPU
		{E8143979-7ED0-4BD5-A987-3A3708F5FB18}.Debug|x86.ActiveCfg = Debug|Any CPU
		{E8143979-7ED0-4BD5-A987-3A3708F5FB18}.Debug|x86.Build.0 = Debug|Any CPU
		{E8143979-7ED0-4BD5-A987-3A3708F5FB18}.Release|Any CPU.ActiveCfg = Release|Any CPU
		{E8143979-7ED0-4BD5-A987-3A3708F5FB18}.Release|Any CPU.Build.0 = Release|Any CPU
		{E8143979-7ED0-4BD5-A987-3A3708F5FB18}.Release|x64.ActiveCfg = Release|Any CPU
		{E8143979-7ED0-4BD5-A987-3A3708F5FB18}.Release|x64.Build.0 = Release|Any CPU
		{E8143979-7ED0-4BD5-A987-3A3708F5FB18}.Release|x86.ActiveCfg = Release|Any CPU
		{E8143979-7ED0-4BD5-A987-3A3708F5FB18}.Release|x86.Build.0 = Release|Any CPU
	EndGlobalSection
	GlobalSection(SolutionProperties) = preSolution
		HideSolutionNode = FALSE
	EndGlobalSection
	GlobalSection(NestedProjects) = preSolution
		{FE6317ED-FD6C-48A9-9AFC-8923E2DC90FF} = {827E0CD3-B72D-47B6-A68D-7590B98EB39B}
		{BE1BB2A5-720F-424A-A746-CCC27AEF6A52} = {5D20AA90-6969-D8BD-9DCD-8634F4692FDA}
		{7BAB5272-AD28-40CE-B4C5-2F00DCE5311A} = {5D20AA90-6969-D8BD-9DCD-8634F4692FDA}
		{C8ABF330-48BF-4002-AEA4-CE7DC1595BDE} = {5D20AA90-6969-D8BD-9DCD-8634F4692FDA}
		{D960080C-C12A-48EC-9586-B28EB565204B} = {5D20AA90-6969-D8BD-9DCD-8634F4692FDA}
		{E8143979-7ED0-4BD5-A987-3A3708F5FB18} = {5D20AA90-6969-D8BD-9DCD-8634F4692FDA}
	EndGlobalSection
EndGlobal
